
Microsoft Visual Studio Solution File, Format Version 12.00
# Visual Studio Version 17
VisualStudioVersion = 17.10.35013.160
MinimumVisualStudioVersion = 10.0.40219.1
Project("{FAE04EC0-301F-11D3-BF4B-00C04F79EFBC}") = "BankAppUsingControllers", "BankAppUsingControllers.csproj", "{A6A38660-A677-48A5-887F-CC0CBFE2264B}"
EndProject
Global
	GlobalSection(SolutionConfigurationPlatforms) = preSolution
		Debug|Any CPU = Debug|Any CPU
		Release|Any CPU = Release|Any CPU
	EndGlobalSection
	GlobalSection(ProjectConfigurationPlatforms) = postSolution
		{A6A38660-A677-48A5-887F-CC0CBFE2264B}.Debug|Any CPU.ActiveCfg = Debug|Any CPU
		{A6A38660-A677-48A5-887F-CC0CBFE2264B}.Debug|Any CPU.Build.0 = Debug|Any CPU
		{A6A38660-A677-48A5-887F-CC0CBFE2264B}.Release|Any CPU.ActiveCfg = Release|Any CPU
		{A6A38660-A677-48A5-887F-CC0CBFE2264B}.Release|Any CPU.Build.0 = Release|Any CPU
	EndGlobalSection
	GlobalSection(SolutionProperties) = preSolution
		HideSolutionNode = FALSE
	EndGlobalSection
	GlobalSection(ExtensibilityGlobals) = postSolution
		SolutionGuid = {DC721ADF-9986-4070-B811-CAC20AF2DC6A}
	EndGlobalSection
EndGlobal
